// !$*UTF8*$!
{
	archiveVersion = 1;
	classes = {
	};
	objectVersion = 46;
	objects = {

/* Begin PBXBuildFile section */
		201A2D0813992DB900EFAE15 /* InfoPlist.strings in Resources */ = {isa = PBXBuildFile; fileRef = 201A2D0613992DB900EFAE15 /* InfoPlist.strings */; };
		201A2D0C13992DCD00EFAE15 /* CLSplitCascadeViewController.xib in Resources */ = {isa = PBXBuildFile; fileRef = 201A2D0A13992DCD00EFAE15 /* CLSplitCascadeViewController.xib */; };
		201A2D0F13992EF800EFAE15 /* Categories_header_view_289x89.png in Resources */ = {isa = PBXBuildFile; fileRef = 201A2D0E13992EF800EFAE15 /* Categories_header_view_289x89.png */; };
		201A2D1113992F5400EFAE15 /* app_logo_32x26.png in Resources */ = {isa = PBXBuildFile; fileRef = 201A2D1013992F5400EFAE15 /* app_logo_32x26.png */; };
		201A2D1D13992FF700EFAE15 /* brown_bg_98x98.png in Resources */ = {isa = PBXBuildFile; fileRef = 201A2D1413992FF700EFAE15 /* brown_bg_98x98.png */; };
		201A2D1E13992FF700EFAE15 /* brown_bg_128x128.png in Resources */ = {isa = PBXBuildFile; fileRef = 201A2D1513992FF700EFAE15 /* brown_bg_128x128.png */; };
		201A2D1F13992FF700EFAE15 /* preferences-active.png in Resources */ = {isa = PBXBuildFile; fileRef = 201A2D1613992FF700EFAE15 /* preferences-active.png */; };
		201A2D2013992FF700EFAE15 /* preferences.png in Resources */ = {isa = PBXBuildFile; fileRef = 201A2D1713992FF700EFAE15 /* preferences.png */; };
		201A2D2113992FF700EFAE15 /* refresh-active.png in Resources */ = {isa = PBXBuildFile; fileRef = 201A2D1813992FF700EFAE15 /* refresh-active.png */; };
		201A2D2213992FF700EFAE15 /* refresh.png in Resources */ = {isa = PBXBuildFile; fileRef = 201A2D1913992FF700EFAE15 /* refresh.png */; };
		201A2D2313992FF700EFAE15 /* star-active.png in Resources */ = {isa = PBXBuildFile; fileRef = 201A2D1A13992FF700EFAE15 /* star-active.png */; };
		201A2D2413992FF700EFAE15 /* star.png in Resources */ = {isa = PBXBuildFile; fileRef = 201A2D1B13992FF700EFAE15 /* star.png */; };
		201A2D2513992FF700EFAE15 /* ToolBar_479x45.png in Resources */ = {isa = PBXBuildFile; fileRef = 201A2D1C13992FF700EFAE15 /* ToolBar_479x45.png */; };
		201A2D28139931B900EFAE15 /* ExampleCategoriesViewController.m in Sources */ = {isa = PBXBuildFile; fileRef = 201A2D27139931B900EFAE15 /* ExampleCategoriesViewController.m */; };
		201A2D2A1399331300EFAE15 /* LightBackground.png in Resources */ = {isa = PBXBuildFile; fileRef = 201A2D291399331300EFAE15 /* LightBackground.png */; };
		201A2D371399348300EFAE15 /* ExampleTableViewController.m in Sources */ = {isa = PBXBuildFile; fileRef = 201A2D361399348300EFAE15 /* ExampleTableViewController.m */; };
		201A2D8A13994D6500EFAE15 /* divider_vertical.png in Resources */ = {isa = PBXBuildFile; fileRef = 201A2D8913994D6400EFAE15 /* divider_vertical.png */; };
		201A2D901399522A00EFAE15 /* ExampleSplitCascadeViewController.m in Sources */ = {isa = PBXBuildFile; fileRef = 201A2D8F1399522900EFAE15 /* ExampleSplitCascadeViewController.m */; };
		207EA49413992C0400A8200F /* UIKit.framework in Frameworks */ = {isa = PBXBuildFile; fileRef = 207EA49313992C0400A8200F /* UIKit.framework */; };
		207EA49613992C0400A8200F /* Foundation.framework in Frameworks */ = {isa = PBXBuildFile; fileRef = 207EA49513992C0400A8200F /* Foundation.framework */; };
		207EA49813992C0400A8200F /* CoreGraphics.framework in Frameworks */ = {isa = PBXBuildFile; fileRef = 207EA49713992C0400A8200F /* CoreGraphics.framework */; };
		207EA49E13992C0400A8200F /* InfoPlist.strings in Resources */ = {isa = PBXBuildFile; fileRef = 207EA49C13992C0400A8200F /* InfoPlist.strings */; };
		207EA4A113992C0400A8200F /* main.m in Sources */ = {isa = PBXBuildFile; fileRef = 207EA4A013992C0400A8200F /* main.m */; };
		207EA4A413992C0400A8200F /* CascadeAppDelegate.m in Sources */ = {isa = PBXBuildFile; fileRef = 207EA4A313992C0400A8200F /* CascadeAppDelegate.m */; };
		207EA4A713992C0400A8200F /* MainWindow.xib in Resources */ = {isa = PBXBuildFile; fileRef = 207EA4A513992C0400A8200F /* MainWindow.xib */; };
		207EA4D513992C6300A8200F /* CLCascadeNavigationController.m in Sources */ = {isa = PBXBuildFile; fileRef = 207EA4C013992C6300A8200F /* CLCascadeNavigationController.m */; };
		207EA4D613992C6300A8200F /* CLCascadeView.m in Sources */ = {isa = PBXBuildFile; fileRef = 207EA4C213992C6300A8200F /* CLCascadeView.m */; };
		207EA4D713992C6300A8200F /* CLCategoriesView.m in Sources */ = {isa = PBXBuildFile; fileRef = 207EA4C413992C6300A8200F /* CLCategoriesView.m */; };
		207EA4D813992C6300A8200F /* CLCategoriesViewController.m in Sources */ = {isa = PBXBuildFile; fileRef = 207EA4C613992C6300A8200F /* CLCategoriesViewController.m */; };
		207EA4DA13992C6300A8200F /* CLSegmentedView.m in Sources */ = {isa = PBXBuildFile; fileRef = 207EA4CA13992C6300A8200F /* CLSegmentedView.m */; };
		207EA4DB13992C6300A8200F /* CLSplitCascadeView.m in Sources */ = {isa = PBXBuildFile; fileRef = 207EA4CC13992C6300A8200F /* CLSplitCascadeView.m */; };
		207EA4DC13992C6300A8200F /* CLSplitCascadeViewController.m in Sources */ = {isa = PBXBuildFile; fileRef = 207EA4CE13992C6300A8200F /* CLSplitCascadeViewController.m */; };
		207EA4DD13992C6300A8200F /* CLTableViewController.m in Sources */ = {isa = PBXBuildFile; fileRef = 207EA4D013992C6300A8200F /* CLTableViewController.m */; };
		207EA4DE13992C6300A8200F /* CLViewController.m in Sources */ = {isa = PBXBuildFile; fileRef = 207EA4D213992C6300A8200F /* CLViewController.m */; };
		207EA4E413992C6A00A8200F /* UIViewController+CLSegmentedView.m in Sources */ = {isa = PBXBuildFile; fileRef = 207EA4E213992C6A00A8200F /* UIViewController+CLSegmentedView.m */; };
		207EA4EC13992CE100A8200F /* QuartzCore.framework in Frameworks */ = {isa = PBXBuildFile; fileRef = 207EA4EB13992CE100A8200F /* QuartzCore.framework */; };
/* End PBXBuildFile section */

/* Begin PBXFileReference section */
		201A2D0713992DB900EFAE15 /* en */ = {isa = PBXFileReference; lastKnownFileType = text.plist.strings; name = en; path = en.lproj/InfoPlist.strings; sourceTree = "<group>"; };
		201A2D0B13992DCD00EFAE15 /* en */ = {isa = PBXFileReference; lastKnownFileType = file.xib; name = en; path = en.lproj/CLSplitCascadeViewController.xib; sourceTree = "<group>"; };
		201A2D0E13992EF800EFAE15 /* Categories_header_view_289x89.png */ = {isa = PBXFileReference; lastKnownFileType = image.png; path = Categories_header_view_289x89.png; sourceTree = "<group>"; };
		201A2D1013992F5400EFAE15 /* app_logo_32x26.png */ = {isa = PBXFileReference; lastKnownFileType = image.png; path = app_logo_32x26.png; sourceTree = "<group>"; };
		201A2D1413992FF700EFAE15 /* brown_bg_98x98.png */ = {isa = PBXFileReference; lastKnownFileType = image.png; path = brown_bg_98x98.png; sourceTree = "<group>"; };
		201A2D1513992FF700EFAE15 /* brown_bg_128x128.png */ = {isa = PBXFileReference; lastKnownFileType = image.png; path = brown_bg_128x128.png; sourceTree = "<group>"; };
		201A2D1613992FF700EFAE15 /* preferences-active.png */ = {isa = PBXFileReference; lastKnownFileType = image.png; path = "preferences-active.png"; sourceTree = "<group>"; };
		201A2D1713992FF700EFAE15 /* preferences.png */ = {isa = PBXFileReference; lastKnownFileType = image.png; path = preferences.png; sourceTree = "<group>"; };
		201A2D1813992FF700EFAE15 /* refresh-active.png */ = {isa = PBXFileReference; lastKnownFileType = image.png; path = "refresh-active.png"; sourceTree = "<group>"; };
		201A2D1913992FF700EFAE15 /* refresh.png */ = {isa = PBXFileReference; lastKnownFileType = image.png; path = refresh.png; sourceTree = "<group>"; };
		201A2D1A13992FF700EFAE15 /* star-active.png */ = {isa = PBXFileReference; lastKnownFileType = image.png; path = "star-active.png"; sourceTree = "<group>"; };
		201A2D1B13992FF700EFAE15 /* star.png */ = {isa = PBXFileReference; lastKnownFileType = image.png; path = star.png; sourceTree = "<group>"; };
		201A2D1C13992FF700EFAE15 /* ToolBar_479x45.png */ = {isa = PBXFileReference; lastKnownFileType = image.png; path = ToolBar_479x45.png; sourceTree = "<group>"; };
		201A2D26139931B900EFAE15 /* ExampleCategoriesViewController.h */ = {isa = PBXFileReference; fileEncoding = 4; lastKnownFileType = sourcecode.c.h; path = ExampleCategoriesViewController.h; sourceTree = "<group>"; };
		201A2D27139931B900EFAE15 /* ExampleCategoriesViewController.m */ = {isa = PBXFileReference; fileEncoding = 4; lastKnownFileType = sourcecode.c.objc; path = ExampleCategoriesViewController.m; sourceTree = "<group>"; };
		201A2D291399331300EFAE15 /* LightBackground.png */ = {isa = PBXFileReference; lastKnownFileType = image.png; path = LightBackground.png; sourceTree = "<group>"; };
		201A2D351399348300EFAE15 /* ExampleTableViewController.h */ = {isa = PBXFileReference; fileEncoding = 4; lastKnownFileType = sourcecode.c.h; path = ExampleTableViewController.h; sourceTree = "<group>"; };
		201A2D361399348300EFAE15 /* ExampleTableViewController.m */ = {isa = PBXFileReference; fileEncoding = 4; lastKnownFileType = sourcecode.c.objc; path = ExampleTableViewController.m; sourceTree = "<group>"; };
		201A2D8913994D6400EFAE15 /* divider_vertical.png */ = {isa = PBXFileReference; lastKnownFileType = image.png; path = divider_vertical.png; sourceTree = "<group>"; };
		201A2D8E1399522900EFAE15 /* ExampleSplitCascadeViewController.h */ = {isa = PBXFileReference; fileEncoding = 4; lastKnownFileType = sourcecode.c.h; path = ExampleSplitCascadeViewController.h; sourceTree = "<group>"; };
		201A2D8F1399522900EFAE15 /* ExampleSplitCascadeViewController.m */ = {isa = PBXFileReference; fileEncoding = 4; lastKnownFileType = sourcecode.c.objc; path = ExampleSplitCascadeViewController.m; sourceTree = "<group>"; };
		207EA48F13992C0400A8200F /* Cascade.app */ = {isa = PBXFileReference; explicitFileType = wrapper.application; includeInIndex = 0; path = Cascade.app; sourceTree = BUILT_PRODUCTS_DIR; };
		207EA49313992C0400A8200F /* UIKit.framework */ = {isa = PBXFileReference; lastKnownFileType = wrapper.framework; name = UIKit.framework; path = System/Library/Frameworks/UIKit.framework; sourceTree = SDKROOT; };
		207EA49513992C0400A8200F /* Foundation.framework */ = {isa = PBXFileReference; lastKnownFileType = wrapper.framework; name = Foundation.framework; path = System/Library/Frameworks/Foundation.framework; sourceTree = SDKROOT; };
		207EA49713992C0400A8200F /* CoreGraphics.framework */ = {isa = PBXFileReference; lastKnownFileType = wrapper.framework; name = CoreGraphics.framework; path = System/Library/Frameworks/CoreGraphics.framework; sourceTree = SDKROOT; };
		207EA49B13992C0400A8200F /* Cascade-Info.plist */ = {isa = PBXFileReference; lastKnownFileType = text.plist.xml; path = "Cascade-Info.plist"; sourceTree = "<group>"; };
		207EA49D13992C0400A8200F /* en */ = {isa = PBXFileReference; lastKnownFileType = text.plist.strings; name = en; path = en.lproj/InfoPlist.strings; sourceTree = "<group>"; };
		207EA49F13992C0400A8200F /* Cascade-Prefix.pch */ = {isa = PBXFileReference; lastKnownFileType = sourcecode.c.h; path = "Cascade-Prefix.pch"; sourceTree = "<group>"; };
		207EA4A013992C0400A8200F /* main.m */ = {isa = PBXFileReference; lastKnownFileType = sourcecode.c.objc; path = main.m; sourceTree = "<group>"; };
		207EA4A213992C0400A8200F /* CascadeAppDelegate.h */ = {isa = PBXFileReference; lastKnownFileType = sourcecode.c.h; path = CascadeAppDelegate.h; sourceTree = "<group>"; };
		207EA4A313992C0400A8200F /* CascadeAppDelegate.m */ = {isa = PBXFileReference; lastKnownFileType = sourcecode.c.objc; path = CascadeAppDelegate.m; sourceTree = "<group>"; };
		207EA4A613992C0400A8200F /* en */ = {isa = PBXFileReference; lastKnownFileType = file.xib; name = en; path = en.lproj/MainWindow.xib; sourceTree = "<group>"; };
		207EA4BD13992C6300A8200F /* CLCascadeEnums.h */ = {isa = PBXFileReference; fileEncoding = 4; lastKnownFileType = sourcecode.c.h; name = CLCascadeEnums.h; path = ../../src/Cascade/Cascade/CLCascadeEnums.h; sourceTree = "<group>"; };
		207EA4BF13992C6300A8200F /* CLCascadeNavigationController.h */ = {isa = PBXFileReference; fileEncoding = 4; lastKnownFileType = sourcecode.c.h; name = CLCascadeNavigationController.h; path = ../../src/Cascade/Cascade/CLCascadeNavigationController.h; sourceTree = "<group>"; };
		207EA4C013992C6300A8200F /* CLCascadeNavigationController.m */ = {isa = PBXFileReference; fileEncoding = 4; lastKnownFileType = sourcecode.c.objc; name = CLCascadeNavigationController.m; path = ../../src/Cascade/Cascade/CLCascadeNavigationController.m; sourceTree = "<group>"; };
		207EA4C113992C6300A8200F /* CLCascadeView.h */ = {isa = PBXFileReference; fileEncoding = 4; lastKnownFileType = sourcecode.c.h; name = CLCascadeView.h; path = ../../src/Cascade/Cascade/CLCascadeView.h; sourceTree = "<group>"; };
		207EA4C213992C6300A8200F /* CLCascadeView.m */ = {isa = PBXFileReference; fileEncoding = 4; lastKnownFileType = sourcecode.c.objc; name = CLCascadeView.m; path = ../../src/Cascade/Cascade/CLCascadeView.m; sourceTree = "<group>"; };
		207EA4C313992C6300A8200F /* CLCategoriesView.h */ = {isa = PBXFileReference; fileEncoding = 4; lastKnownFileType = sourcecode.c.h; name = CLCategoriesView.h; path = ../../src/Cascade/Cascade/CLCategoriesView.h; sourceTree = "<group>"; };
		207EA4C413992C6300A8200F /* CLCategoriesView.m */ = {isa = PBXFileReference; fileEncoding = 4; lastKnownFileType = sourcecode.c.objc; name = CLCategoriesView.m; path = ../../src/Cascade/Cascade/CLCategoriesView.m; sourceTree = "<group>"; };
		207EA4C513992C6300A8200F /* CLCategoriesViewController.h */ = {isa = PBXFileReference; fileEncoding = 4; lastKnownFileType = sourcecode.c.h; name = CLCategoriesViewController.h; path = ../../src/Cascade/Cascade/CLCategoriesViewController.h; sourceTree = "<group>"; };
		207EA4C613992C6300A8200F /* CLCategoriesViewController.m */ = {isa = PBXFileReference; fileEncoding = 4; lastKnownFileType = sourcecode.c.objc; name = CLCategoriesViewController.m; path = ../../src/Cascade/Cascade/CLCategoriesViewController.m; sourceTree = "<group>"; };
		207EA4C913992C6300A8200F /* CLSegmentedView.h */ = {isa = PBXFileReference; fileEncoding = 4; lastKnownFileType = sourcecode.c.h; name = CLSegmentedView.h; path = ../../src/Cascade/Cascade/CLSegmentedView.h; sourceTree = "<group>"; };
		207EA4CA13992C6300A8200F /* CLSegmentedView.m */ = {isa = PBXFileReference; fileEncoding = 4; lastKnownFileType = sourcecode.c.objc; name = CLSegmentedView.m; path = ../../src/Cascade/Cascade/CLSegmentedView.m; sourceTree = "<group>"; };
		207EA4CB13992C6300A8200F /* CLSplitCascadeView.h */ = {isa = PBXFileReference; fileEncoding = 4; lastKnownFileType = sourcecode.c.h; name = CLSplitCascadeView.h; path = ../../src/Cascade/Cascade/CLSplitCascadeView.h; sourceTree = "<group>"; };
		207EA4CC13992C6300A8200F /* CLSplitCascadeView.m */ = {isa = PBXFileReference; fileEncoding = 4; lastKnownFileType = sourcecode.c.objc; name = CLSplitCascadeView.m; path = ../../src/Cascade/Cascade/CLSplitCascadeView.m; sourceTree = "<group>"; };
		207EA4CD13992C6300A8200F /* CLSplitCascadeViewController.h */ = {isa = PBXFileReference; fileEncoding = 4; lastKnownFileType = sourcecode.c.h; name = CLSplitCascadeViewController.h; path = ../../src/Cascade/Cascade/CLSplitCascadeViewController.h; sourceTree = "<group>"; };
		207EA4CE13992C6300A8200F /* CLSplitCascadeViewController.m */ = {isa = PBXFileReference; fileEncoding = 4; lastKnownFileType = sourcecode.c.objc; name = CLSplitCascadeViewController.m; path = ../../src/Cascade/Cascade/CLSplitCascadeViewController.m; sourceTree = "<group>"; };
		207EA4CF13992C6300A8200F /* CLTableViewController.h */ = {isa = PBXFileReference; fileEncoding = 4; lastKnownFileType = sourcecode.c.h; name = CLTableViewController.h; path = ../../src/Cascade/Cascade/CLTableViewController.h; sourceTree = "<group>"; };
		207EA4D013992C6300A8200F /* CLTableViewController.m */ = {isa = PBXFileReference; fileEncoding = 4; lastKnownFileType = sourcecode.c.objc; name = CLTableViewController.m; path = ../../src/Cascade/Cascade/CLTableViewController.m; sourceTree = "<group>"; };
		207EA4D113992C6300A8200F /* CLViewController.h */ = {isa = PBXFileReference; fileEncoding = 4; lastKnownFileType = sourcecode.c.h; name = CLViewController.h; path = ../../src/Cascade/Cascade/CLViewController.h; sourceTree = "<group>"; };
		207EA4D213992C6300A8200F /* CLViewController.m */ = {isa = PBXFileReference; fileEncoding = 4; lastKnownFileType = sourcecode.c.objc; name = CLViewController.m; path = ../../src/Cascade/Cascade/CLViewController.m; sourceTree = "<group>"; };
		207EA4D313992C6300A8200F /* CLViewControllerDelegate.h */ = {isa = PBXFileReference; fileEncoding = 4; lastKnownFileType = sourcecode.c.h; name = CLViewControllerDelegate.h; path = ../../src/Cascade/Cascade/CLViewControllerDelegate.h; sourceTree = "<group>"; };
		207EA4E113992C6A00A8200F /* UIViewController+CLSegmentedView.h */ = {isa = PBXFileReference; fileEncoding = 4; lastKnownFileType = sourcecode.c.h; name = "UIViewController+CLSegmentedView.h"; path = "../../src/Cascade/Cascade/UIViewController+CLSegmentedView.h"; sourceTree = "<group>"; };
		207EA4E213992C6A00A8200F /* UIViewController+CLSegmentedView.m */ = {isa = PBXFileReference; fileEncoding = 4; lastKnownFileType = sourcecode.c.objc; name = "UIViewController+CLSegmentedView.m"; path = "../../src/Cascade/Cascade/UIViewController+CLSegmentedView.m"; sourceTree = "<group>"; };
		207EA4EB13992CE100A8200F /* QuartzCore.framework */ = {isa = PBXFileReference; lastKnownFileType = wrapper.framework; name = QuartzCore.framework; path = System/Library/Frameworks/QuartzCore.framework; sourceTree = SDKROOT; };
/* End PBXFileReference section */

/* Begin PBXFrameworksBuildPhase section */
		207EA48C13992C0400A8200F /* Frameworks */ = {
			isa = PBXFrameworksBuildPhase;
			buildActionMask = 2147483647;
			files = (
				207EA4EC13992CE100A8200F /* QuartzCore.framework in Frameworks */,
				207EA49413992C0400A8200F /* UIKit.framework in Frameworks */,
				207EA49613992C0400A8200F /* Foundation.framework in Frameworks */,
				207EA49813992C0400A8200F /* CoreGraphics.framework in Frameworks */,
			);
			runOnlyForDeploymentPostprocessing = 0;
		};
/* End PBXFrameworksBuildPhase section */

/* Begin PBXGroup section */
		20161E89139A164F001DFBCE /* Example classes */ = {
			isa = PBXGroup;
			children = (
				201A2D26139931B900EFAE15 /* ExampleCategoriesViewController.h */,
				201A2D27139931B900EFAE15 /* ExampleCategoriesViewController.m */,
				201A2D351399348300EFAE15 /* ExampleTableViewController.h */,
				201A2D361399348300EFAE15 /* ExampleTableViewController.m */,
				201A2D8E1399522900EFAE15 /* ExampleSplitCascadeViewController.h */,
				201A2D8F1399522900EFAE15 /* ExampleSplitCascadeViewController.m */,
			);
			name = "Example classes";
			sourceTree = "<group>";
		};
		201A2D0D13992EF800EFAE15 /* Resources */ = {
			isa = PBXGroup;
			children = (
				201A2D291399331300EFAE15 /* LightBackground.png */,
				201A2D1413992FF700EFAE15 /* brown_bg_98x98.png */,
				201A2D8913994D6400EFAE15 /* divider_vertical.png */,
				201A2D1513992FF700EFAE15 /* brown_bg_128x128.png */,
				201A2D1613992FF700EFAE15 /* preferences-active.png */,
				201A2D1813992FF700EFAE15 /* refresh-active.png */,
				201A2D1713992FF700EFAE15 /* preferences.png */,
				201A2D1913992FF700EFAE15 /* refresh.png */,
				201A2D1A13992FF700EFAE15 /* star-active.png */,
				201A2D1B13992FF700EFAE15 /* star.png */,
				201A2D1C13992FF700EFAE15 /* ToolBar_479x45.png */,
				201A2D1013992F5400EFAE15 /* app_logo_32x26.png */,
				201A2D0E13992EF800EFAE15 /* Categories_header_view_289x89.png */,
			);
			path = Resources;
			sourceTree = "<group>";
		};
		207EA48413992C0400A8200F = {
			isa = PBXGroup;
			children = (
				207EA49913992C0400A8200F /* Cascade */,
				207EA49213992C0400A8200F /* Frameworks */,
				207EA49013992C0400A8200F /* Products */,
			);
			sourceTree = "<group>";
		};
		207EA49013992C0400A8200F /* Products */ = {
			isa = PBXGroup;
			children = (
				207EA48F13992C0400A8200F /* Cascade.app */,
			);
			name = Products;
			sourceTree = "<group>";
		};
		207EA49213992C0400A8200F /* Frameworks */ = {
			isa = PBXGroup;
			children = (
				207EA4BB13992C5300A8200F /* CLCascade */,
				207EA49313992C0400A8200F /* UIKit.framework */,
				207EA49513992C0400A8200F /* Foundation.framework */,
				207EA4EB13992CE100A8200F /* QuartzCore.framework */,
				207EA49713992C0400A8200F /* CoreGraphics.framework */,
			);
			name = Frameworks;
			sourceTree = "<group>";
		};
		207EA49913992C0400A8200F /* Cascade */ = {
			isa = PBXGroup;
			children = (
				201A2D0A13992DCD00EFAE15 /* CLSplitCascadeViewController.xib */,
				207EA4A513992C0400A8200F /* MainWindow.xib */,
				20161E89139A164F001DFBCE /* Example classes */,
				207EA49A13992C0400A8200F /* Supporting Files */,
			);
			path = Cascade;
			sourceTree = "<group>";
		};
		207EA49A13992C0400A8200F /* Supporting Files */ = {
			isa = PBXGroup;
			children = (
				207EA4A213992C0400A8200F /* CascadeAppDelegate.h */,
				207EA4A313992C0400A8200F /* CascadeAppDelegate.m */,
				201A2D0613992DB900EFAE15 /* InfoPlist.strings */,
				201A2D0D13992EF800EFAE15 /* Resources */,
				207EA49B13992C0400A8200F /* Cascade-Info.plist */,
				207EA49C13992C0400A8200F /* InfoPlist.strings */,
				207EA49F13992C0400A8200F /* Cascade-Prefix.pch */,
				207EA4A013992C0400A8200F /* main.m */,
			);
			name = "Supporting Files";
			sourceTree = "<group>";
		};
		207EA4BB13992C5300A8200F /* CLCascade */ = {
			isa = PBXGroup;
			children = (
				20BA720213C1F2B000CDE622 /* CLSplitViewController */,
				20BA720413C1F2C400CDE622 /* CLCategories */,
				20BA720513C1F2E300CDE622 /* CLCascadeNavigationController */,
				20BA720613C1F2FC00CDE622 /* CLCustomViewControllers */,
				20BA720713C1F31100CDE622 /* Other */,
			);
			name = CLCascade;
			sourceTree = "<group>";
		};
		20BA720213C1F2B000CDE622 /* CLSplitViewController */ = {
			isa = PBXGroup;
			children = (
				207EA4CD13992C6300A8200F /* CLSplitCascadeViewController.h */,
				207EA4CE13992C6300A8200F /* CLSplitCascadeViewController.m */,
				207EA4CB13992C6300A8200F /* CLSplitCascadeView.h */,
				207EA4CC13992C6300A8200F /* CLSplitCascadeView.m */,
			);
			name = CLSplitViewController;
			sourceTree = "<group>";
		};
		20BA720413C1F2C400CDE622 /* CLCategories */ = {
			isa = PBXGroup;
			children = (
				207EA4C513992C6300A8200F /* CLCategoriesViewController.h */,
				207EA4C613992C6300A8200F /* CLCategoriesViewController.m */,
				207EA4C313992C6300A8200F /* CLCategoriesView.h */,
				207EA4C413992C6300A8200F /* CLCategoriesView.m */,
			);
			name = CLCategories;
			sourceTree = "<group>";
		};
		20BA720513C1F2E300CDE622 /* CLCascadeNavigationController */ = {
			isa = PBXGroup;
			children = (
				207EA4BF13992C6300A8200F /* CLCascadeNavigationController.h */,
				207EA4C013992C6300A8200F /* CLCascadeNavigationController.m */,
				207EA4C113992C6300A8200F /* CLCascadeView.h */,
				207EA4C213992C6300A8200F /* CLCascadeView.m */,
			);
			name = CLCascadeNavigationController;
			sourceTree = "<group>";
		};
		20BA720613C1F2FC00CDE622 /* CLCustomViewControllers */ = {
			isa = PBXGroup;
			children = (
				207EA4D313992C6300A8200F /* CLViewControllerDelegate.h */,
				207EA4D113992C6300A8200F /* CLViewController.h */,
				207EA4D213992C6300A8200F /* CLViewController.m */,
				207EA4CF13992C6300A8200F /* CLTableViewController.h */,
				207EA4D013992C6300A8200F /* CLTableViewController.m */,
			);
			name = CLCustomViewControllers;
			sourceTree = "<group>";
		};
		20BA720713C1F31100CDE622 /* Other */ = {
			isa = PBXGroup;
			children = (
				207EA4BD13992C6300A8200F /* CLCascadeEnums.h */,
				207EA4C913992C6300A8200F /* CLSegmentedView.h */,
				207EA4CA13992C6300A8200F /* CLSegmentedView.m */,
				207EA4E113992C6A00A8200F /* UIViewController+CLSegmentedView.h */,
				207EA4E213992C6A00A8200F /* UIViewController+CLSegmentedView.m */,
			);
			name = Other;
			sourceTree = "<group>";
		};
/* End PBXGroup section */

/* Begin PBXNativeTarget section */
		207EA48E13992C0400A8200F /* Cascade */ = {
			isa = PBXNativeTarget;
			buildConfigurationList = 207EA4B013992C0400A8200F /* Build configuration list for PBXNativeTarget "Cascade" */;
			buildPhases = (
				207EA48B13992C0400A8200F /* Sources */,
				207EA48C13992C0400A8200F /* Frameworks */,
				207EA48D13992C0400A8200F /* Resources */,
			);
			buildRules = (
			);
			dependencies = (
			);
			name = Cascade;
			productName = Cascade;
			productReference = 207EA48F13992C0400A8200F /* Cascade.app */;
			productType = "com.apple.product-type.application";
		};
/* End PBXNativeTarget section */

/* Begin PBXProject section */
		207EA48613992C0400A8200F /* Project object */ = {
			isa = PBXProject;
			buildConfigurationList = 207EA48913992C0400A8200F /* Build configuration list for PBXProject "Cascade" */;
			compatibilityVersion = "Xcode 3.2";
			developmentRegion = English;
			hasScannedForEncodings = 0;
			knownRegions = (
				en,
			);
			mainGroup = 207EA48413992C0400A8200F;
			productRefGroup = 207EA49013992C0400A8200F /* Products */;
			projectDirPath = "";
			projectRoot = "";
			targets = (
				207EA48E13992C0400A8200F /* Cascade */,
			);
		};
/* End PBXProject section */

/* Begin PBXResourcesBuildPhase section */
		207EA48D13992C0400A8200F /* Resources */ = {
			isa = PBXResourcesBuildPhase;
			buildActionMask = 2147483647;
			files = (
				207EA49E13992C0400A8200F /* InfoPlist.strings in Resources */,
				207EA4A713992C0400A8200F /* MainWindow.xib in Resources */,
				201A2D0813992DB900EFAE15 /* InfoPlist.strings in Resources */,
				201A2D0C13992DCD00EFAE15 /* CLSplitCascadeViewController.xib in Resources */,
				201A2D0F13992EF800EFAE15 /* Categories_header_view_289x89.png in Resources */,
				201A2D1113992F5400EFAE15 /* app_logo_32x26.png in Resources */,
				201A2D1D13992FF700EFAE15 /* brown_bg_98x98.png in Resources */,
				201A2D1E13992FF700EFAE15 /* brown_bg_128x128.png in Resources */,
				201A2D1F13992FF700EFAE15 /* preferences-active.png in Resources */,
				201A2D2013992FF700EFAE15 /* preferences.png in Resources */,
				201A2D2113992FF700EFAE15 /* refresh-active.png in Resources */,
				201A2D2213992FF700EFAE15 /* refresh.png in Resources */,
				201A2D2313992FF700EFAE15 /* star-active.png in Resources */,
				201A2D2413992FF700EFAE15 /* star.png in Resources */,
				201A2D2513992FF700EFAE15 /* ToolBar_479x45.png in Resources */,
				201A2D2A1399331300EFAE15 /* LightBackground.png in Resources */,
				201A2D8A13994D6500EFAE15 /* divider_vertical.png in Resources */,
			);
			runOnlyForDeploymentPostprocessing = 0;
		};
/* End PBXResourcesBuildPhase section */

/* Begin PBXSourcesBuildPhase section */
		207EA48B13992C0400A8200F /* Sources */ = {
			isa = PBXSourcesBuildPhase;
			buildActionMask = 2147483647;
			files = (
				207EA4A113992C0400A8200F /* main.m in Sources */,
				207EA4A413992C0400A8200F /* CascadeAppDelegate.m in Sources */,
				207EA4D513992C6300A8200F /* CLCascadeNavigationController.m in Sources */,
				207EA4D613992C6300A8200F /* CLCascadeView.m in Sources */,
				207EA4D713992C6300A8200F /* CLCategoriesView.m in Sources */,
				207EA4D813992C6300A8200F /* CLCategoriesViewController.m in Sources */,
				207EA4DA13992C6300A8200F /* CLSegmentedView.m in Sources */,
				207EA4DB13992C6300A8200F /* CLSplitCascadeView.m in Sources */,
				207EA4DC13992C6300A8200F /* CLSplitCascadeViewController.m in Sources */,
				207EA4DD13992C6300A8200F /* CLTableViewController.m in Sources */,
				207EA4DE13992C6300A8200F /* CLViewController.m in Sources */,
				207EA4E413992C6A00A8200F /* UIViewController+CLSegmentedView.m in Sources */,
				201A2D28139931B900EFAE15 /* ExampleCategoriesViewController.m in Sources */,
				201A2D371399348300EFAE15 /* ExampleTableViewController.m in Sources */,
				201A2D901399522A00EFAE15 /* ExampleSplitCascadeViewController.m in Sources */,
			);
			runOnlyForDeploymentPostprocessing = 0;
		};
/* End PBXSourcesBuildPhase section */

/* Begin PBXVariantGroup section */
		201A2D0613992DB900EFAE15 /* InfoPlist.strings */ = {
			isa = PBXVariantGroup;
			children = (
				201A2D0713992DB900EFAE15 /* en */,
			);
			name = InfoPlist.strings;
			sourceTree = "<group>";
		};
		201A2D0A13992DCD00EFAE15 /* CLSplitCascadeViewController.xib */ = {
			isa = PBXVariantGroup;
			children = (
				201A2D0B13992DCD00EFAE15 /* en */,
			);
			name = CLSplitCascadeViewController.xib;
			sourceTree = "<group>";
		};
		207EA49C13992C0400A8200F /* InfoPlist.strings */ = {
			isa = PBXVariantGroup;
			children = (
				207EA49D13992C0400A8200F /* en */,
			);
			name = InfoPlist.strings;
			sourceTree = "<group>";
		};
		207EA4A513992C0400A8200F /* MainWindow.xib */ = {
			isa = PBXVariantGroup;
			children = (
				207EA4A613992C0400A8200F /* en */,
			);
			name = MainWindow.xib;
			sourceTree = "<group>";
		};
/* End PBXVariantGroup section */

/* Begin XCBuildConfiguration section */
		207EA4AE13992C0400A8200F /* Debug */ = {
			isa = XCBuildConfiguration;
			buildSettings = {
				ARCHS = "$(ARCHS_UNIVERSAL_IPHONE_OS)";
				"CODE_SIGN_IDENTITY[sdk=iphoneos*]" = "iPhone Developer";
				GCC_C_LANGUAGE_STANDARD = gnu99;
				GCC_OPTIMIZATION_LEVEL = 0;
				GCC_PREPROCESSOR_DEFINITIONS = DEBUG;
				GCC_SYMBOLS_PRIVATE_EXTERN = NO;
				GCC_VERSION = com.apple.compilers.llvmgcc42;
				GCC_WARN_ABOUT_RETURN_TYPE = YES;
				GCC_WARN_UNUSED_VARIABLE = YES;
				IPHONEOS_DEPLOYMENT_TARGET = 4.3;
				SDKROOT = iphoneos;
				TARGETED_DEVICE_FAMILY = 2;
			};
			name = Debug;
		};
		207EA4AF13992C0400A8200F /* Release */ = {
			isa = XCBuildConfiguration;
			buildSettings = {
				ARCHS = "$(ARCHS_UNIVERSAL_IPHONE_OS)";
				"CODE_SIGN_IDENTITY[sdk=iphoneos*]" = "iPhone Developer";
				GCC_C_LANGUAGE_STANDARD = gnu99;
				GCC_VERSION = com.apple.compilers.llvmgcc42;
				GCC_WARN_ABOUT_RETURN_TYPE = YES;
				GCC_WARN_UNUSED_VARIABLE = YES;
				IPHONEOS_DEPLOYMENT_TARGET = 4.3;
				OTHER_CFLAGS = "-DNS_BLOCK_ASSERTIONS=1";
				SDKROOT = iphoneos;
				TARGETED_DEVICE_FAMILY = 2;
			};
			name = Release;
		};
		207EA4B113992C0400A8200F /* Debug */ = {
			isa = XCBuildConfiguration;
			buildSettings = {
				ALWAYS_SEARCH_USER_PATHS = NO;
				COPY_PHASE_STRIP = NO;
				GCC_DYNAMIC_NO_PIC = NO;
				GCC_PRECOMPILE_PREFIX_HEADER = YES;
				GCC_PREFIX_HEADER = "Cascade/Cascade-Prefix.pch";
				INFOPLIST_FILE = "Cascade/Cascade-Info.plist";
				IPHONEOS_DEPLOYMENT_TARGET = 4.2;
				PRODUCT_NAME = "$(TARGET_NAME)";
				WRAPPER_EXTENSION = app;
			};
			name = Debug;
		};
		207EA4B213992C0400A8200F /* Release */ = {
			isa = XCBuildConfiguration;
			buildSettings = {
				ALWAYS_SEARCH_USER_PATHS = NO;
				COPY_PHASE_STRIP = YES;
				GCC_PRECOMPILE_PREFIX_HEADER = YES;
				GCC_PREFIX_HEADER = "Cascade/Cascade-Prefix.pch";
				INFOPLIST_FILE = "Cascade/Cascade-Info.plist";
				IPHONEOS_DEPLOYMENT_TARGET = 4.2;
				PRODUCT_NAME = "$(TARGET_NAME)";
				VALIDATE_PRODUCT = YES;
				WRAPPER_EXTENSION = app;
			};
			name = Release;
		};
/* End XCBuildConfiguration section */

/* Begin XCConfigurationList section */
		207EA48913992C0400A8200F /* Build configuration list for PBXProject "Cascade" */ = {
			isa = XCConfigurationList;
			buildConfigurations = (
				207EA4AE13992C0400A8200F /* Debug */,
				207EA4AF13992C0400A8200F /* Release */,
			);
			defaultConfigurationIsVisible = 0;
			defaultConfigurationName = Release;
		};
		207EA4B013992C0400A8200F /* Build configuration list for PBXNativeTarget "Cascade" */ = {
			isa = XCConfigurationList;
			buildConfigurations = (
				207EA4B113992C0400A8200F /* Debug */,
				207EA4B213992C0400A8200F /* Release */,
			);
			defaultConfigurationIsVisible = 0;
			defaultConfigurationName = Release;
		};
/* End XCConfigurationList section */
	};
	rootObject = 207EA48613992C0400A8200F /* Project object */;
}
